
Microsoft Visual Studio Solution File, Format Version 12.00
# Visual Studio Version 17
VisualStudioVersion = 17.4.33122.133
MinimumVisualStudioVersion = 10.0.40219.1
Project("{8BC9CEB8-8B4A-11D0-8D11-00A0C91BC942}") = "Project7", "Project7\Project7.vcxproj", "{FE244809-0046-4C51-993A-F8DDB65FF08D}"
EndProject
Global
	GlobalSection(SolutionConfigurationPlatforms) = preSolution
		Debug|x64 = Debug|x64
		Debug|x86 = Debug|x86
		Release|x64 = Release|x64
		Release|x86 = Release|x86
	EndGlobalSection
	GlobalSection(ProjectConfigurationPlatforms) = postSolution
		{FE244809-0046-4C51-993A-F8DDB65FF08D}.Debug|x64.ActiveCfg = Debug|x64
		{FE244809-0046-4C51-993A-F8DDB65FF08D}.Debug|x64.Build.0 = Debug|x64
		{FE244809-0046-4C51-993A-F8DDB65FF08D}.Debug|x86.ActiveCfg = Debug|Win32
		{FE244809-0046-4C51-993A-F8DDB65FF08D}.Debug|x86.Build.0 = Debug|Win32
		{FE244809-0046-4C51-993A-F8DDB65FF08D}.Release|x64.ActiveCfg = Release|x64
		{FE244809-0046-4C51-993A-F8DDB65FF08D}.Release|x64.Build.0 = Release|x64
		{FE244809-0046-4C51-993A-F8DDB65FF08D}.Release|x86.ActiveCfg = Release|Win32
		{FE244809-0046-4C51-993A-F8DDB65FF08D}.Release|x86.Build.0 = Release|Win32
	EndGlobalSection
	GlobalSection(SolutionProperties) = preSolution
		HideSolutionNode = FALSE
	EndGlobalSection
	GlobalSection(ExtensibilityGlobals) = postSolution
		SolutionGuid = {0F7A66E4-E343-4BE9-9CBE-AD1C94E22C26}
	EndGlobalSection
EndGlobal
